
Microsoft Visual Studio Solution File, Format Version 12.00
# Visual Studio Version 17
VisualStudioVersion = 17.0.31903.59
MinimumVisualStudioVersion = 10.0.40219.1
Project("{2150E333-8FDC-42A3-9474-1A3956D46DE8}") = "src", "src", "{3B3A88A9-9354-470A-A0C5-9CF4E0EB69F5}"
EndProject
Project("{FAE04EC0-301F-11D3-BF4B-00C04F79EFBC}") = "Blix.Core", "src\Blix.Core\Blix.Core.csproj", "{08594E40-7628-4DEF-B48B-A5F7305FEA22}"
EndProject
Project("{FAE04EC0-301F-11D3-BF4B-00C04F79EFBC}") = "Blix.Diagnostics", "src\Blix.Diagnostics\Blix.Diagnostics.csproj", "{C1272D57-7644-4B7D-87D7-260C113707C6}"
EndProject
Project("{FAE04EC0-301F-11D3-BF4B-00C04F79EFBC}") = "Blix.Graphics", "src\Blix.Graphics\Blix.Graphics.csproj", "{EA7F8DB9-4DB9-4B89-B338-3712EBE0385C}"
EndProject
Project("{FAE04EC0-301F-11D3-BF4B-00C04F79EFBC}") = "Blix.Graphics.Images", "src\Blix.Graphics.Images\Blix.Graphics.Images.csproj", "{4654B377-865B-46D6-8466-FE764D6622B7}"
EndProject
Project("{FAE04EC0-301F-11D3-BF4B-00C04F79EFBC}") = "Blix.Render", "src\Blix.Render\Blix.Render.csproj", "{504C53E5-538E-4814-AE36-7F6AAF4D382C}"
EndProject
Project("{FAE04EC0-301F-11D3-BF4B-00C04F79EFBC}") = "Blix.Assets", "src\Blix.Assets\Blix.Assets.csproj", "{A6AADF39-623F-4EF8-A4C7-7FAA4F4A5D2C}"
EndProject
Project("{FAE04EC0-301F-11D3-BF4B-00C04F79EFBC}") = "Blix", "src\Blix\Blix.csproj", "{BF95655A-1F50-47AF-96BE-0E413C41707E}"
EndProject
Project("{FAE04EC0-301F-11D3-BF4B-00C04F79EFBC}") = "Blix.Geometry", "src\Blix.Geometry\Blix.Geometry.csproj", "{2E5A5A30-57AC-4A99-A7F2-0A6E67ACD715}"
EndProject
Project("{FAE04EC0-301F-11D3-BF4B-00C04F79EFBC}") = "Blix.Audio", "src\Blix.Audio\Blix.Audio.csproj", "{355D626B-6518-4E88-B3AB-EC76D26B8783}"
EndProject
Project("{FAE04EC0-301F-11D3-BF4B-00C04F79EFBC}") = "Blix.Audio.OpenAL", "src\Blix.Audio.OpenAL\Blix.Audio.OpenAL.csproj", "{DAA5A0C1-4FE2-47DE-B301-4E2D94BA290B}"
EndProject
Project("{FAE04EC0-301F-11D3-BF4B-00C04F79EFBC}") = "Blix.Test.Physics2D", "src\Blix.Test.Physics2D\Blix.Test.Physics2D.csproj", "{6ED6E3CC-02FE-4E65-8F2B-42C498905B6B}"
EndProject
Project("{FAE04EC0-301F-11D3-BF4B-00C04F79EFBC}") = "Blix.Tools.Cook", "src\Blix.Tools.Cook\Blix.Tools.Cook.csproj", "{E38DF305-71E6-4FB6-8867-A2BBDE22ECF7}"
EndProject
Project("{FAE04EC0-301F-11D3-BF4B-00C04F79EFBC}") = "Blix.Test.Diagnostics", "src\Blix.Test.Diagnostics\Blix.Test.Diagnostics.csproj", "{64690B6C-9A5E-4FB7-ABFD-8EC2C111B33D}"
EndProject
Project("{FAE04EC0-301F-11D3-BF4B-00C04F79EFBC}") = "Blix.Graphics.Vulkan", "src\Blix.Graphics.Vulkan\Blix.Graphics.Vulkan.csproj", "{C6A89E7C-AED2-43C7-BDBB-D746014EA689}"
EndProject
Project("{FAE04EC0-301F-11D3-BF4B-00C04F79EFBC}") = "Blix.Runtime.Silk", "src\Blix.Runtime.Silk\Blix.Runtime.Silk.csproj", "{185F2EB7-E851-4DE7-AA2F-24BD8751CCCD}"
EndProject
Project("{FAE04EC0-301F-11D3-BF4B-00C04F79EFBC}") = "Blix.Demos.VulkanHello", "src\Blix.Demos.VulkanHello\Blix.Demos.VulkanHello.csproj", "{F8A2217B-12D3-4899-813D-B102FB88CBCA}"
EndProject
Project("{FAE04EC0-301F-11D3-BF4B-00C04F79EFBC}") = "Blix.Test.Graphics", "src\Blix.Test.Graphics\Blix.Test.Graphics.csproj", "{25275321-63EC-4EE1-A3BB-8A40CA4F09FD}"
EndProject
Project("{FAE04EC0-301F-11D3-BF4B-00C04F79EFBC}") = "Blix.Demos.VulkanGraph", "src\Blix.Demos.VulkanGraph\Blix.Demos.VulkanGraph.csproj", "{5AD2DFC4-F93D-411C-A39C-FFD6E01B2DBD}"
EndProject
Project("{FAE04EC0-301F-11D3-BF4B-00C04F79EFBC}") = "Blix.Demos.VulkanLit", "src\Blix.Demos.VulkanLit\Blix.Demos.VulkanLit.csproj", "{6BE8C378-A164-437F-9D66-C968B409EE4F}"
EndProject
Project("{FAE04EC0-301F-11D3-BF4B-00C04F79EFBC}") = "Blix.Diagnostics.Overlay", "src\Blix.Diagnostics.Overlay\Blix.Diagnostics.Overlay.csproj", "{C6FB18E1-BCCD-4389-A565-480C3E2B60E4}"
EndProject
Project("{FAE04EC0-301F-11D3-BF4B-00C04F79EFBC}") = "Blix.Demos.VulkanSponza", "src\Blix.Demos.VulkanSponza\Blix.Demos.VulkanSponza.csproj", "{7B4D8E2F-3A6C-4F1B-9D8E-5C2A1B3F4E5D}"
EndProject
Global
	GlobalSection(SolutionConfigurationPlatforms) = preSolution
		Debug|Any CPU = Debug|Any CPU
		Release|Any CPU = Release|Any CPU
	EndGlobalSection
	GlobalSection(SolutionProperties) = preSolution
		HideSolutionNode = FALSE
	EndGlobalSection
	GlobalSection(ProjectConfigurationPlatforms) = postSolution
		{08594E40-7628-4DEF-B48B-A5F7305FEA22}.Debug|Any CPU.ActiveCfg = Debug|Any CPU
		{08594E40-7628-4DEF-B48B-A5F7305FEA22}.Debug|Any CPU.Build.0 = Debug|Any CPU
		{08594E40-7628-4DEF-B48B-A5F7305FEA22}.Release|Any CPU.ActiveCfg = Release|Any CPU
		{08594E40-7628-4DEF-B48B-A5F7305FEA22}.Release|Any CPU.Build.0 = Release|Any CPU
		{C1272D57-7644-4B7D-87D7-260C113707C6}.Debug|Any CPU.ActiveCfg = Debug|Any CPU
		{C1272D57-7644-4B7D-87D7-260C113707C6}.Debug|Any CPU.Build.0 = Debug|Any CPU
		{C1272D57-7644-4B7D-87D7-260C113707C6}.Release|Any CPU.ActiveCfg = Release|Any CPU
		{C1272D57-7644-4B7D-87D7-260C113707C6}.Release|Any CPU.Build.0 = Release|Any CPU
		{EA7F8DB9-4DB9-4B89-B338-3712EBE0385C}.Debug|Any CPU.ActiveCfg = Debug|Any CPU
		{EA7F8DB9-4DB9-4B89-B338-3712EBE0385C}.Debug|Any CPU.Build.0 = Debug|Any CPU
		{EA7F8DB9-4DB9-4B89-B338-3712EBE0385C}.Release|Any CPU.ActiveCfg = Release|Any CPU
		{EA7F8DB9-4DB9-4B89-B338-3712EBE0385C}.Release|Any CPU.Build.0 = Release|Any CPU
		{4654B377-865B-46D6-8466-FE764D6622B7}.Debug|Any CPU.ActiveCfg = Debug|Any CPU
		{4654B377-865B-46D6-8466-FE764D6622B7}.Debug|Any CPU.Build.0 = Debug|Any CPU
		{4654B377-865B-46D6-8466-FE764D6622B7}.Release|Any CPU.ActiveCfg = Release|Any CPU
		{4654B377-865B-46D6-8466-FE764D6622B7}.Release|Any CPU.Build.0 = Release|Any CPU
		{504C53E5-538E-4814-AE36-7F6AAF4D382C}.Debug|Any CPU.ActiveCfg = Debug|Any CPU
		{504C53E5-538E-4814-AE36-7F6AAF4D382C}.Debug|Any CPU.Build.0 = Debug|Any CPU
		{504C53E5-538E-4814-AE36-7F6AAF4D382C}.Release|Any CPU.ActiveCfg = Release|Any CPU
		{504C53E5-538E-4814-AE36-7F6AAF4D382C}.Release|Any CPU.Build.0 = Release|Any CPU
		{A6AADF39-623F-4EF8-A4C7-7FAA4F4A5D2C}.Debug|Any CPU.ActiveCfg = Debug|Any CPU
		{A6AADF39-623F-4EF8-A4C7-7FAA4F4A5D2C}.Debug|Any CPU.Build.0 = Debug|Any CPU
		{A6AADF39-623F-4EF8-A4C7-7FAA4F4A5D2C}.Release|Any CPU.ActiveCfg = Release|Any CPU
		{A6AADF39-623F-4EF8-A4C7-7FAA4F4A5D2C}.Release|Any CPU.Build.0 = Release|Any CPU
		{BF95655A-1F50-47AF-96BE-0E413C41707E}.Debug|Any CPU.ActiveCfg = Debug|Any CPU
		{BF95655A-1F50-47AF-96BE-0E413C41707E}.Debug|Any CPU.Build.0 = Debug|Any CPU
		{BF95655A-1F50-47AF-96BE-0E413C41707E}.Release|Any CPU.ActiveCfg = Release|Any CPU
		{BF95655A-1F50-47AF-96BE-0E413C41707E}.Release|Any CPU.Build.0 = Release|Any CPU
		{2E5A5A30-57AC-4A99-A7F2-0A6E67ACD715}.Debug|Any CPU.ActiveCfg = Debug|Any CPU
		{2E5A5A30-57AC-4A99-A7F2-0A6E67ACD715}.Debug|Any CPU.Build.0 = Debug|Any CPU
		{2E5A5A30-57AC-4A99-A7F2-0A6E67ACD715}.Release|Any CPU.ActiveCfg = Release|Any CPU
		{2E5A5A30-57AC-4A99-A7F2-0A6E67ACD715}.Release|Any CPU.Build.0 = Release|Any CPU
		{355D626B-6518-4E88-B3AB-EC76D26B8783}.Debug|Any CPU.ActiveCfg = Debug|Any CPU
		{355D626B-6518-4E88-B3AB-EC76D26B8783}.Debug|Any CPU.Build.0 = Debug|Any CPU
		{355D626B-6518-4E88-B3AB-EC76D26B8783}.Release|Any CPU.ActiveCfg = Release|Any CPU
		{355D626B-6518-4E88-B3AB-EC76D26B8783}.Release|Any CPU.Build.0 = Release|Any CPU
		{DAA5A0C1-4FE2-47DE-B301-4E2D94BA290B}.Debug|Any CPU.ActiveCfg = Debug|Any CPU
		{DAA5A0C1-4FE2-47DE-B301-4E2D94BA290B}.Debug|Any CPU.Build.0 = Debug|Any CPU
		{DAA5A0C1-4FE2-47DE-B301-4E2D94BA290B}.Release|Any CPU.ActiveCfg = Release|Any CPU
		{DAA5A0C1-4FE2-47DE-B301-4E2D94BA290B}.Release|Any CPU.Build.0 = Release|Any CPU
		{6ED6E3CC-02FE-4E65-8F2B-42C498905B6B}.Debug|Any CPU.ActiveCfg = Debug|Any CPU
		{6ED6E3CC-02FE-4E65-8F2B-42C498905B6B}.Debug|Any CPU.Build.0 = Debug|Any CPU
		{6ED6E3CC-02FE-4E65-8F2B-42C498905B6B}.Release|Any CPU.ActiveCfg = Release|Any CPU
		{6ED6E3CC-02FE-4E65-8F2B-42C498905B6B}.Release|Any CPU.Build.0 = Release|Any CPU
		{E38DF305-71E6-4FB6-8867-A2BBDE22ECF7}.Debug|Any CPU.ActiveCfg = Debug|Any CPU
		{E38DF305-71E6-4FB6-8867-A2BBDE22ECF7}.Debug|Any CPU.Build.0 = Debug|Any CPU
		{E38DF305-71E6-4FB6-8867-A2BBDE22ECF7}.Release|Any CPU.ActiveCfg = Release|Any CPU
		{E38DF305-71E6-4FB6-8867-A2BBDE22ECF7}.Release|Any CPU.Build.0 = Release|Any CPU
		{64690B6C-9A5E-4FB7-ABFD-8EC2C111B33D}.Debug|Any CPU.ActiveCfg = Debug|Any CPU
		{64690B6C-9A5E-4FB7-ABFD-8EC2C111B33D}.Debug|Any CPU.Build.0 = Debug|Any CPU
		{64690B6C-9A5E-4FB7-ABFD-8EC2C111B33D}.Release|Any CPU.ActiveCfg = Release|Any CPU
		{64690B6C-9A5E-4FB7-ABFD-8EC2C111B33D}.Release|Any CPU.Build.0 = Release|Any CPU
		{C6A89E7C-AED2-43C7-BDBB-D746014EA689}.Debug|Any CPU.ActiveCfg = Debug|Any CPU
		{C6A89E7C-AED2-43C7-BDBB-D746014EA689}.Debug|Any CPU.Build.0 = Debug|Any CPU
		{C6A89E7C-AED2-43C7-BDBB-D746014EA689}.Release|Any CPU.ActiveCfg = Release|Any CPU
		{C6A89E7C-AED2-43C7-BDBB-D746014EA689}.Release|Any CPU.Build.0 = Release|Any CPU
		{185F2EB7-E851-4DE7-AA2F-24BD8751CCCD}.Debug|Any CPU.ActiveCfg = Debug|Any CPU
		{185F2EB7-E851-4DE7-AA2F-24BD8751CCCD}.Debug|Any CPU.Build.0 = Debug|Any CPU
		{185F2EB7-E851-4DE7-AA2F-24BD8751CCCD}.Release|Any CPU.ActiveCfg = Release|Any CPU
		{185F2EB7-E851-4DE7-AA2F-24BD8751CCCD}.Release|Any CPU.Build.0 = Release|Any CPU
		{F8A2217B-12D3-4899-813D-B102FB88CBCA}.Debug|Any CPU.ActiveCfg = Debug|Any CPU
		{F8A2217B-12D3-4899-813D-B102FB88CBCA}.Debug|Any CPU.Build.0 = Debug|Any CPU
		{F8A2217B-12D3-4899-813D-B102FB88CBCA}.Release|Any CPU.ActiveCfg = Release|Any CPU
		{F8A2217B-12D3-4899-813D-B102FB88CBCA}.Release|Any CPU.Build.0 = Release|Any CPU
		{25275321-63EC-4EE1-A3BB-8A40CA4F09FD}.Debug|Any CPU.ActiveCfg = Debug|Any CPU
		{25275321-63EC-4EE1-A3BB-8A40CA4F09FD}.Debug|Any CPU.Build.0 = Debug|Any CPU
		{25275321-63EC-4EE1-A3BB-8A40CA4F09FD}.Release|Any CPU.ActiveCfg = Release|Any CPU
		{25275321-63EC-4EE1-A3BB-8A40CA4F09FD}.Release|Any CPU.Build.0 = Release|Any CPU
		{5AD2DFC4-F93D-411C-A39C-FFD6E01B2DBD}.Debug|Any CPU.ActiveCfg = Debug|Any CPU
		{5AD2DFC4-F93D-411C-A39C-FFD6E01B2DBD}.Debug|Any CPU.Build.0 = Debug|Any CPU
		{5AD2DFC4-F93D-411C-A39C-FFD6E01B2DBD}.Release|Any CPU.ActiveCfg = Release|Any CPU
		{5AD2DFC4-F93D-411C-A39C-FFD6E01B2DBD}.Release|Any CPU.Build.0 = Release|Any CPU
		{6BE8C378-A164-437F-9D66-C968B409EE4F}.Debug|Any CPU.ActiveCfg = Debug|Any CPU
		{6BE8C378-A164-437F-9D66-C968B409EE4F}.Debug|Any CPU.Build.0 = Debug|Any CPU
		{6BE8C378-A164-437F-9D66-C968B409EE4F}.Release|Any CPU.ActiveCfg = Release|Any CPU
		{6BE8C378-A164-437F-9D66-C968B409EE4F}.Release|Any CPU.Build.0 = Release|Any CPU
		{C6FB18E1-BCCD-4389-A565-480C3E2B60E4}.Debug|Any CPU.ActiveCfg = Debug|Any CPU
		{C6FB18E1-BCCD-4389-A565-480C3E2B60E4}.Debug|Any CPU.Build.0 = Debug|Any CPU
		{C6FB18E1-BCCD-4389-A565-480C3E2B60E4}.Release|Any CPU.ActiveCfg = Release|Any CPU
		{C6FB18E1-BCCD-4389-A565-480C3E2B60E4}.Release|Any CPU.Build.0 = Release|Any CPU
		{7B4D8E2F-3A6C-4F1B-9D8E-5C2A1B3F4E5D}.Debug|Any CPU.ActiveCfg = Debug|Any CPU
		{7B4D8E2F-3A6C-4F1B-9D8E-5C2A1B3F4E5D}.Debug|Any CPU.Build.0 = Debug|Any CPU
		{7B4D8E2F-3A6C-4F1B-9D8E-5C2A1B3F4E5D}.Release|Any CPU.ActiveCfg = Release|Any CPU
		{7B4D8E2F-3A6C-4F1B-9D8E-5C2A1B3F4E5D}.Release|Any CPU.Build.0 = Release|Any CPU
	EndGlobalSection
	GlobalSection(NestedProjects) = preSolution
		{08594E40-7628-4DEF-B48B-A5F7305FEA22} = {3B3A88A9-9354-470A-A0C5-9CF4E0EB69F5}
		{C1272D57-7644-4B7D-87D7-260C113707C6} = {3B3A88A9-9354-470A-A0C5-9CF4E0EB69F5}
		{EA7F8DB9-4DB9-4B89-B338-3712EBE0385C} = {3B3A88A9-9354-470A-A0C5-9CF4E0EB69F5}
		{4654B377-865B-46D6-8466-FE764D6622B7} = {3B3A88A9-9354-470A-A0C5-9CF4E0EB69F5}
		{504C53E5-538E-4814-AE36-7F6AAF4D382C} = {3B3A88A9-9354-470A-A0C5-9CF4E0EB69F5}
		{A6AADF39-623F-4EF8-A4C7-7FAA4F4A5D2C} = {3B3A88A9-9354-470A-A0C5-9CF4E0EB69F5}
		{BF95655A-1F50-47AF-96BE-0E413C41707E} = {3B3A88A9-9354-470A-A0C5-9CF4E0EB69F5}
		{2E5A5A30-57AC-4A99-A7F2-0A6E67ACD715} = {3B3A88A9-9354-470A-A0C5-9CF4E0EB69F5}
		{355D626B-6518-4E88-B3AB-EC76D26B8783} = {3B3A88A9-9354-470A-A0C5-9CF4E0EB69F5}
		{DAA5A0C1-4FE2-47DE-B301-4E2D94BA290B} = {3B3A88A9-9354-470A-A0C5-9CF4E0EB69F5}
		{6ED6E3CC-02FE-4E65-8F2B-42C498905B6B} = {3B3A88A9-9354-470A-A0C5-9CF4E0EB69F5}
		{E38DF305-71E6-4FB6-8867-A2BBDE22ECF7} = {3B3A88A9-9354-470A-A0C5-9CF4E0EB69F5}
		{64690B6C-9A5E-4FB7-ABFD-8EC2C111B33D} = {3B3A88A9-9354-470A-A0C5-9CF4E0EB69F5}
		{C6A89E7C-AED2-43C7-BDBB-D746014EA689} = {3B3A88A9-9354-470A-A0C5-9CF4E0EB69F5}
		{185F2EB7-E851-4DE7-AA2F-24BD8751CCCD} = {3B3A88A9-9354-470A-A0C5-9CF4E0EB69F5}
		{F8A2217B-12D3-4899-813D-B102FB88CBCA} = {3B3A88A9-9354-470A-A0C5-9CF4E0EB69F5}
		{25275321-63EC-4EE1-A3BB-8A40CA4F09FD} = {3B3A88A9-9354-470A-A0C5-9CF4E0EB69F5}
		{5AD2DFC4-F93D-411C-A39C-FFD6E01B2DBD} = {3B3A88A9-9354-470A-A0C5-9CF4E0EB69F5}
		{6BE8C378-A164-437F-9D66-C968B409EE4F} = {3B3A88A9-9354-470A-A0C5-9CF4E0EB69F5}
		{C6FB18E1-BCCD-4389-A565-480C3E2B60E4} = {3B3A88A9-9354-470A-A0C5-9CF4E0EB69F5}
		{7B4D8E2F-3A6C-4F1B-9D8E-5C2A1B3F4E5D} = {3B3A88A9-9354-470A-A0C5-9CF4E0EB69F5}
	EndGlobalSection
EndGlobal
