
Microsoft Visual Studio Solution File, Format Version 12.00
# Visual Studio Version 17
VisualStudioVersion = 17.0.31903.59
MinimumVisualStudioVersion = 10.0.40219.1
Project("{2150E333-8FDC-42A3-9474-1A3956D46DE8}") = "src", "src", "{3B3A88A9-9354-470A-A0C5-9CF4E0EB69F5}"
EndProject
Project("{FAE04EC0-301F-11D3-BF4B-00C04F79EFBC}") = "Blix.Core", "src\Blix.Core\Blix.Core.csproj", "{08594E40-7628-4DEF-B48B-A5F7305FEA22}"
EndProject
Project("{FAE04EC0-301F-11D3-BF4B-00C04F79EFBC}") = "Blix.Diagnostics", "src\Blix.Diagnostics\Blix.Diagnostics.csproj", "{C1272D57-7644-4B7D-87D7-260C113707C6}"
EndProject
Project("{FAE04EC0-301F-11D3-BF4B-00C04F79EFBC}") = "Blix.Graphics", "src\Blix.Graphics\Blix.Graphics.csproj", "{EA7F8DB9-4DB9-4B89-B338-3712EBE0385C}"
EndProject
Project("{FAE04EC0-301F-11D3-BF4B-00C04F79EFBC}") = "Blix.Graphics.Images", "src\Blix.Graphics.Images\Blix.Graphics.Images.csproj", "{4654B377-865B-46D6-8466-FE764D6622B7}"
EndProject
Project("{FAE04EC0-301F-11D3-BF4B-00C04F79EFBC}") = "Blix.Render", "src\Blix.Render\Blix.Render.csproj", "{504C53E5-538E-4814-AE36-7F6AAF4D382C}"
EndProject
Project("{FAE04EC0-301F-11D3-BF4B-00C04F79EFBC}") = "Blix.Assets", "src\Blix.Assets\Blix.Assets.csproj", "{A6AADF39-623F-4EF8-A4C7-7FAA4F4A5D2C}"
EndProject
Project("{FAE04EC0-301F-11D3-BF4B-00C04F79EFBC}") = "Blix", "src\Blix\Blix.csproj", "{BF95655A-1F50-47AF-96BE-0E413C41707E}"
EndProject
Project("{FAE04EC0-301F-11D3-BF4B-00C04F79EFBC}") = "Blix.Geometry", "src\Blix.Geometry\Blix.Geometry.csproj", "{2E5A5A30-57AC-4A99-A7F2-0A6E67ACD715}"
EndProject
Project("{FAE04EC0-301F-11D3-BF4B-00C04F79EFBC}") = "Blix.Audio", "src\Blix.Audio\Blix.Audio.csproj", "{355D626B-6518-4E88-B3AB-EC76D26B8783}"
EndProject
Project("{FAE04EC0-301F-11D3-BF4B-00C04F79EFBC}") = "Blix.Audio.OpenAL", "src\Blix.Audio.OpenAL\Blix.Audio.OpenAL.csproj", "{DAA5A0C1-4FE2-47DE-B301-4E2D94BA290B}"
EndProject
Project("{FAE04EC0-301F-11D3-BF4B-00C04F79EFBC}") = "Blix.Test.Physics2D", "src\Blix.Test.Physics2D\Blix.Test.Physics2D.csproj", "{6ED6E3CC-02FE-4E65-8F2B-42C498905B6B}"
EndProject
Project("{FAE04EC0-301F-11D3-BF4B-00C04F79EFBC}") = "Blix.Tools.Cook", "src\Blix.Tools.Cook\Blix.Tools.Cook.csproj", "{E38DF305-71E6-4FB6-8867-A2BBDE22ECF7}"
EndProject
Project("{FAE04EC0-301F-11D3-BF4B-00C04F79EFBC}") = "Blix.Tools.Shader", "src\Blix.Tools.Shader\Blix.Tools.Shader.csproj", "{B7F5D8C2-4A91-4C62-A28C-2F7E9C5B1D43}"
EndProject
Project("{FAE04EC0-301F-11D3-BF4B-00C04F79EFBC}") = "Blix.Test.Diagnostics", "src\Blix.Test.Diagnostics\Blix.Test.Diagnostics.csproj", "{64690B6C-9A5E-4FB7-ABFD-8EC2C111B33D}"
EndProject
Project("{FAE04EC0-301F-11D3-BF4B-00C04F79EFBC}") = "Blix.Graphics.Vulkan", "src\Blix.Graphics.Vulkan\Blix.Graphics.Vulkan.csproj", "{C6A89E7C-AED2-43C7-BDBB-D746014EA689}"
EndProject
Project("{FAE04EC0-301F-11D3-BF4B-00C04F79EFBC}") = "Blix.Runtime.Silk", "src\Blix.Runtime.Silk\Blix.Runtime.Silk.csproj", "{185F2EB7-E851-4DE7-AA2F-24BD8751CCCD}"
EndProject
Project("{FAE04EC0-301F-11D3-BF4B-00C04F79EFBC}") = "Blix.Test.Graphics", "src\Blix.Test.Graphics\Blix.Test.Graphics.csproj", "{25275321-63EC-4EE1-A3BB-8A40CA4F09FD}"
EndProject
Project("{FAE04EC0-301F-11D3-BF4B-00C04F79EFBC}") = "Blix.Diagnostics.Overlay", "src\Blix.Diagnostics.Overlay\Blix.Diagnostics.Overlay.csproj", "{C6FB18E1-BCCD-4389-A565-480C3E2B60E4}"
EndProject
Project("{FAE04EC0-301F-11D3-BF4B-00C04F79EFBC}") = "RTSGame", "src\RTSGame\RTSGame.csproj", "{DCA6A102-33E7-45AD-9C2A-9D8314077DB8}"
EndProject
Project("{FAE04EC0-301F-11D3-BF4B-00C04F79EFBC}") = "Blix.Tools.Studio", "src\Blix.Tools.Studio\Blix.Tools.Studio.csproj", "{476EC2D0-50A9-4804-ADC0-9ADB2E86FED5}"
EndProject
Project("{FAE04EC0-301F-11D3-BF4B-00C04F79EFBC}") = "Blix.Tools.View", "src\Blix.Tools.View\Blix.Tools.View.csproj", "{592C72EB-7629-4F83-86A6-FF9EB05C3049}"
EndProject
Project("{FAE04EC0-301F-11D3-BF4B-00C04F79EFBC}") = "Blix.Tools.Check", "src\Blix.Tools.Check\Blix.Tools.Check.csproj", "{D699079B-AB1D-430B-9444-D6DCCB0140FD}"
EndProject
Project("{FAE04EC0-301F-11D3-BF4B-00C04F79EFBC}") = "Blix.Tools.Shot", "src\Blix.Tools.Shot\Blix.Tools.Shot.csproj", "{E2C8D473-A162-4798-B5D4-67E22F9E57C9}"
EndProject
Project("{FAE04EC0-301F-11D3-BF4B-00C04F79EFBC}") = "Blix.Test.Physics3D", "src\Blix.Test.Physics3D\Blix.Test.Physics3D.csproj", "{E35B4275-0FDC-4A34-8328-DF2F9EE67460}"
EndProject
Project("{FAE04EC0-301F-11D3-BF4B-00C04F79EFBC}") = "Blix.Cli", "src\Blix.Cli\Blix.Cli.csproj", "{CEBA31F9-574C-4510-9623-172B4A629DA6}"
EndProject
Project("{FAE04EC0-301F-11D3-BF4B-00C04F79EFBC}") = "Blix.Tools.Apps", "src\Blix.Tools.Apps\Blix.Tools.Apps.csproj", "{C465CAB5-2E6B-4A69-B77A-3E2C7605FFBE}"
EndProject
Project("{FAE04EC0-301F-11D3-BF4B-00C04F79EFBC}") = "Blix.Test.Apps", "src\Blix.Test.Apps\Blix.Test.Apps.csproj", "{D2218DE3-D83C-404C-B34E-0A147EBEE4BF}"
EndProject
Project("{2150E333-8FDC-42A3-9474-1A3956D46DE8}") = "Character", "Character", "{15A8C72F-D9AF-4074-A57C-6AD62C5D7AD7}"
EndProject
Project("{FAE04EC0-301F-11D3-BF4B-00C04F79EFBC}") = "Blix.Labs.Character", "src\Character\Blix.Labs.Character\Blix.Labs.Character.csproj", "{23DE727C-0B02-47B8-A271-473818F20EBC}"
EndProject
Project("{FAE04EC0-301F-11D3-BF4B-00C04F79EFBC}") = "Blix.Labs.Character.Room", "src\Character\Blix.Labs.Character.Room\Blix.Labs.Character.Room.csproj", "{99343E8F-98A3-49E5-A994-FB429A7401C1}"
EndProject
Project("{FAE04EC0-301F-11D3-BF4B-00C04F79EFBC}") = "Blix.Labs.Character.Probe", "src\Character\Blix.Labs.Character.Probe\Blix.Labs.Character.Probe.csproj", "{CC79F70F-7E78-4198-9169-D53BA743AAC1}"
EndProject
Project("{FAE04EC0-301F-11D3-BF4B-00C04F79EFBC}") = "Blix.Labs.Character.Capture", "src\Character\Blix.Labs.Character.Capture\Blix.Labs.Character.Capture.csproj", "{785D00F2-5AC5-4FF6-9C0D-4E01669C2B6C}"
EndProject
Project("{2150E333-8FDC-42A3-9474-1A3956D46DE8}") = "Demos", "Demos", "{0137BE33-7ED7-4E11-A6C3-586B7B8663C2}"
EndProject
Project("{FAE04EC0-301F-11D3-BF4B-00C04F79EFBC}") = "Blix.Demos.Bulwark", "src\Demos\Blix.Demos.Bulwark\Blix.Demos.Bulwark.csproj", "{D0359994-F654-4F19-BF37-67E530A5654C}"
EndProject
Project("{FAE04EC0-301F-11D3-BF4B-00C04F79EFBC}") = "Blix.Demos.Chassis", "src\Demos\Blix.Demos.Chassis\Blix.Demos.Chassis.csproj", "{D3935BE6-ACE6-4E6B-8AA6-4D358959565E}"
EndProject
Project("{FAE04EC0-301F-11D3-BF4B-00C04F79EFBC}") = "Blix.Demos.Pong", "src\Demos\Blix.Demos.Pong\Blix.Demos.Pong.csproj", "{D54FD198-284D-421D-8E1E-398A18BEFD28}"
EndProject
Project("{FAE04EC0-301F-11D3-BF4B-00C04F79EFBC}") = "Blix.Demos.Runner", "src\Demos\Blix.Demos.Runner\Blix.Demos.Runner.csproj", "{AF35F4EE-F7E1-472F-A89B-DA77404032F2}"
EndProject
Project("{FAE04EC0-301F-11D3-BF4B-00C04F79EFBC}") = "Blix.Demos.TankArena", "src\Demos\Blix.Demos.TankArena\Blix.Demos.TankArena.csproj", "{3F19A063-C329-4DB4-9E6E-107C61FE76BF}"
EndProject
Project("{FAE04EC0-301F-11D3-BF4B-00C04F79EFBC}") = "Blix.Demos.VulkanGraph", "src\Demos\Blix.Demos.VulkanGraph\Blix.Demos.VulkanGraph.csproj", "{69B598E8-56BB-48CB-98DA-8032D204C0C7}"
EndProject
Project("{FAE04EC0-301F-11D3-BF4B-00C04F79EFBC}") = "Blix.Demos.VulkanHello", "src\Demos\Blix.Demos.VulkanHello\Blix.Demos.VulkanHello.csproj", "{55E4B101-DEF8-48B6-A74A-1E3D037E09D0}"
EndProject
Project("{FAE04EC0-301F-11D3-BF4B-00C04F79EFBC}") = "Blix.Demos.VulkanInstanced", "src\Demos\Blix.Demos.VulkanInstanced\Blix.Demos.VulkanInstanced.csproj", "{CF834D4C-F7A0-4445-B960-B3C9BB140F1C}"
EndProject
Project("{FAE04EC0-301F-11D3-BF4B-00C04F79EFBC}") = "Blix.Demos.VulkanLit", "src\Demos\Blix.Demos.VulkanLit\Blix.Demos.VulkanLit.csproj", "{C8CF21DF-D024-444C-B365-A6CA371207E3}"
EndProject
Project("{FAE04EC0-301F-11D3-BF4B-00C04F79EFBC}") = "Blix.Demos.VulkanParticles", "src\Demos\Blix.Demos.VulkanParticles\Blix.Demos.VulkanParticles.csproj", "{9813A3D0-11AB-4C92-8413-F539E248AB10}"
EndProject
Project("{FAE04EC0-301F-11D3-BF4B-00C04F79EFBC}") = "Blix.Demos.VulkanSponza", "src\Demos\Blix.Demos.VulkanSponza\Blix.Demos.VulkanSponza.csproj", "{8414D1F0-4779-485D-916C-740D9626700B}"
EndProject
Project("{FAE04EC0-301F-11D3-BF4B-00C04F79EFBC}") = "Blix.Tools.Studio.Shell", "src\Blix.Tools.Studio.Shell\Blix.Tools.Studio.Shell.csproj", "{429C233D-54DC-4D87-BE7B-F5379FA6E2B1}"
EndProject
Project("{FAE04EC0-301F-11D3-BF4B-00C04F79EFBC}") = "Blix.Verify", "src\Blix.Verify\Blix.Verify.csproj", "{7453DBA1-A6FA-472D-AFF6-2AD1B9D7C96C}"
EndProject
Project("{FAE04EC0-301F-11D3-BF4B-00C04F79EFBC}") = "Blix.Test.Studio", "src\Blix.Test.Studio\Blix.Test.Studio.csproj", "{021A9336-2653-42EB-B895-F6882E294838}"
EndProject
Project("{FAE04EC0-301F-11D3-BF4B-00C04F79EFBC}") = "Blix.Cooked", "src\Blix.Cooked\Blix.Cooked.csproj", "{48868422-BC99-4F85-8975-BBB86177A84D}"
EndProject
Project("{FAE04EC0-301F-11D3-BF4B-00C04F79EFBC}") = "Blix.Recipes", "src\Blix.Recipes\Blix.Recipes.csproj", "{B93C6AA3-1D2F-4A2C-AE13-75074CC90362}"
EndProject
Project("{FAE04EC0-301F-11D3-BF4B-00C04F79EFBC}") = "Blix.Tools.Inspect", "src\Blix.Tools.Inspect\Blix.Tools.Inspect.csproj", "{11E22E5F-66AB-47F5-9916-1048FA6EE6B5}"
EndProject
Project("{FAE04EC0-301F-11D3-BF4B-00C04F79EFBC}") = "Blix.Test.Recipes", "src\Blix.Test.Recipes\Blix.Test.Recipes.csproj", "{5E20D56A-A6C0-4261-A0A2-1C37BF8D5923}"
EndProject
Project("{FAE04EC0-301F-11D3-BF4B-00C04F79EFBC}") = "RTSGame.Cooking", "src\RTSGame.Cooking\RTSGame.Cooking.csproj", "{BC86074F-F8C3-4F7B-B8F5-1A1241BCD9D5}"
EndProject
Project("{FAE04EC0-301F-11D3-BF4B-00C04F79EFBC}") = "Blix.Test.ProjectRecipes", "src\Blix.Test.ProjectRecipes\Blix.Test.ProjectRecipes.csproj", "{BD90111E-2979-4493-8397-9FB6FD895B4C}"
EndProject
Global
	GlobalSection(SolutionConfigurationPlatforms) = preSolution
		Debug|Any CPU = Debug|Any CPU
		Release|Any CPU = Release|Any CPU
	EndGlobalSection
	GlobalSection(SolutionProperties) = preSolution
		HideSolutionNode = FALSE
	EndGlobalSection
	GlobalSection(ProjectConfigurationPlatforms) = postSolution
		{08594E40-7628-4DEF-B48B-A5F7305FEA22}.Debug|Any CPU.ActiveCfg = Debug|Any CPU
		{08594E40-7628-4DEF-B48B-A5F7305FEA22}.Debug|Any CPU.Build.0 = Debug|Any CPU
		{08594E40-7628-4DEF-B48B-A5F7305FEA22}.Release|Any CPU.ActiveCfg = Release|Any CPU
		{08594E40-7628-4DEF-B48B-A5F7305FEA22}.Release|Any CPU.Build.0 = Release|Any CPU
		{C1272D57-7644-4B7D-87D7-260C113707C6}.Debug|Any CPU.ActiveCfg = Debug|Any CPU
		{C1272D57-7644-4B7D-87D7-260C113707C6}.Debug|Any CPU.Build.0 = Debug|Any CPU
		{C1272D57-7644-4B7D-87D7-260C113707C6}.Release|Any CPU.ActiveCfg = Release|Any CPU
		{C1272D57-7644-4B7D-87D7-260C113707C6}.Release|Any CPU.Build.0 = Release|Any CPU
		{EA7F8DB9-4DB9-4B89-B338-3712EBE0385C}.Debug|Any CPU.ActiveCfg = Debug|Any CPU
		{EA7F8DB9-4DB9-4B89-B338-3712EBE0385C}.Debug|Any CPU.Build.0 = Debug|Any CPU
		{EA7F8DB9-4DB9-4B89-B338-3712EBE0385C}.Release|Any CPU.ActiveCfg = Release|Any CPU
		{EA7F8DB9-4DB9-4B89-B338-3712EBE0385C}.Release|Any CPU.Build.0 = Release|Any CPU
		{4654B377-865B-46D6-8466-FE764D6622B7}.Debug|Any CPU.ActiveCfg = Debug|Any CPU
		{4654B377-865B-46D6-8466-FE764D6622B7}.Debug|Any CPU.Build.0 = Debug|Any CPU
		{4654B377-865B-46D6-8466-FE764D6622B7}.Release|Any CPU.ActiveCfg = Release|Any CPU
		{4654B377-865B-46D6-8466-FE764D6622B7}.Release|Any CPU.Build.0 = Release|Any CPU
		{504C53E5-538E-4814-AE36-7F6AAF4D382C}.Debug|Any CPU.ActiveCfg = Debug|Any CPU
		{504C53E5-538E-4814-AE36-7F6AAF4D382C}.Debug|Any CPU.Build.0 = Debug|Any CPU
		{504C53E5-538E-4814-AE36-7F6AAF4D382C}.Release|Any CPU.ActiveCfg = Release|Any CPU
		{504C53E5-538E-4814-AE36-7F6AAF4D382C}.Release|Any CPU.Build.0 = Release|Any CPU
		{A6AADF39-623F-4EF8-A4C7-7FAA4F4A5D2C}.Debug|Any CPU.ActiveCfg = Debug|Any CPU
		{A6AADF39-623F-4EF8-A4C7-7FAA4F4A5D2C}.Debug|Any CPU.Build.0 = Debug|Any CPU
		{A6AADF39-623F-4EF8-A4C7-7FAA4F4A5D2C}.Release|Any CPU.ActiveCfg = Release|Any CPU
		{A6AADF39-623F-4EF8-A4C7-7FAA4F4A5D2C}.Release|Any CPU.Build.0 = Release|Any CPU
		{BF95655A-1F50-47AF-96BE-0E413C41707E}.Debug|Any CPU.ActiveCfg = Debug|Any CPU
		{BF95655A-1F50-47AF-96BE-0E413C41707E}.Debug|Any CPU.Build.0 = Debug|Any CPU
		{BF95655A-1F50-47AF-96BE-0E413C41707E}.Release|Any CPU.ActiveCfg = Release|Any CPU
		{BF95655A-1F50-47AF-96BE-0E413C41707E}.Release|Any CPU.Build.0 = Release|Any CPU
		{2E5A5A30-57AC-4A99-A7F2-0A6E67ACD715}.Debug|Any CPU.ActiveCfg = Debug|Any CPU
		{2E5A5A30-57AC-4A99-A7F2-0A6E67ACD715}.Debug|Any CPU.Build.0 = Debug|Any CPU
		{2E5A5A30-57AC-4A99-A7F2-0A6E67ACD715}.Release|Any CPU.ActiveCfg = Release|Any CPU
		{2E5A5A30-57AC-4A99-A7F2-0A6E67ACD715}.Release|Any CPU.Build.0 = Release|Any CPU
		{355D626B-6518-4E88-B3AB-EC76D26B8783}.Debug|Any CPU.ActiveCfg = Debug|Any CPU
		{355D626B-6518-4E88-B3AB-EC76D26B8783}.Debug|Any CPU.Build.0 = Debug|Any CPU
		{355D626B-6518-4E88-B3AB-EC76D26B8783}.Release|Any CPU.ActiveCfg = Release|Any CPU
		{355D626B-6518-4E88-B3AB-EC76D26B8783}.Release|Any CPU.Build.0 = Release|Any CPU
		{DAA5A0C1-4FE2-47DE-B301-4E2D94BA290B}.Debug|Any CPU.ActiveCfg = Debug|Any CPU
		{DAA5A0C1-4FE2-47DE-B301-4E2D94BA290B}.Debug|Any CPU.Build.0 = Debug|Any CPU
		{DAA5A0C1-4FE2-47DE-B301-4E2D94BA290B}.Release|Any CPU.ActiveCfg = Release|Any CPU
		{DAA5A0C1-4FE2-47DE-B301-4E2D94BA290B}.Release|Any CPU.Build.0 = Release|Any CPU
		{6ED6E3CC-02FE-4E65-8F2B-42C498905B6B}.Debug|Any CPU.ActiveCfg = Debug|Any CPU
		{6ED6E3CC-02FE-4E65-8F2B-42C498905B6B}.Debug|Any CPU.Build.0 = Debug|Any CPU
		{6ED6E3CC-02FE-4E65-8F2B-42C498905B6B}.Release|Any CPU.ActiveCfg = Release|Any CPU
		{6ED6E3CC-02FE-4E65-8F2B-42C498905B6B}.Release|Any CPU.Build.0 = Release|Any CPU
		{E38DF305-71E6-4FB6-8867-A2BBDE22ECF7}.Debug|Any CPU.ActiveCfg = Debug|Any CPU
		{E38DF305-71E6-4FB6-8867-A2BBDE22ECF7}.Debug|Any CPU.Build.0 = Debug|Any CPU
		{E38DF305-71E6-4FB6-8867-A2BBDE22ECF7}.Release|Any CPU.ActiveCfg = Release|Any CPU
		{E38DF305-71E6-4FB6-8867-A2BBDE22ECF7}.Release|Any CPU.Build.0 = Release|Any CPU
		{B7F5D8C2-4A91-4C62-A28C-2F7E9C5B1D43}.Debug|Any CPU.ActiveCfg = Debug|Any CPU
		{B7F5D8C2-4A91-4C62-A28C-2F7E9C5B1D43}.Debug|Any CPU.Build.0 = Debug|Any CPU
		{B7F5D8C2-4A91-4C62-A28C-2F7E9C5B1D43}.Release|Any CPU.ActiveCfg = Release|Any CPU
		{B7F5D8C2-4A91-4C62-A28C-2F7E9C5B1D43}.Release|Any CPU.Build.0 = Release|Any CPU
		{64690B6C-9A5E-4FB7-ABFD-8EC2C111B33D}.Debug|Any CPU.ActiveCfg = Debug|Any CPU
		{64690B6C-9A5E-4FB7-ABFD-8EC2C111B33D}.Debug|Any CPU.Build.0 = Debug|Any CPU
		{64690B6C-9A5E-4FB7-ABFD-8EC2C111B33D}.Release|Any CPU.ActiveCfg = Release|Any CPU
		{64690B6C-9A5E-4FB7-ABFD-8EC2C111B33D}.Release|Any CPU.Build.0 = Release|Any CPU
		{C6A89E7C-AED2-43C7-BDBB-D746014EA689}.Debug|Any CPU.ActiveCfg = Debug|Any CPU
		{C6A89E7C-AED2-43C7-BDBB-D746014EA689}.Debug|Any CPU.Build.0 = Debug|Any CPU
		{C6A89E7C-AED2-43C7-BDBB-D746014EA689}.Release|Any CPU.ActiveCfg = Release|Any CPU
		{C6A89E7C-AED2-43C7-BDBB-D746014EA689}.Release|Any CPU.Build.0 = Release|Any CPU
		{185F2EB7-E851-4DE7-AA2F-24BD8751CCCD}.Debug|Any CPU.ActiveCfg = Debug|Any CPU
		{185F2EB7-E851-4DE7-AA2F-24BD8751CCCD}.Debug|Any CPU.Build.0 = Debug|Any CPU
		{185F2EB7-E851-4DE7-AA2F-24BD8751CCCD}.Release|Any CPU.ActiveCfg = Release|Any CPU
		{185F2EB7-E851-4DE7-AA2F-24BD8751CCCD}.Release|Any CPU.Build.0 = Release|Any CPU
		{25275321-63EC-4EE1-A3BB-8A40CA4F09FD}.Debug|Any CPU.ActiveCfg = Debug|Any CPU
		{25275321-63EC-4EE1-A3BB-8A40CA4F09FD}.Debug|Any CPU.Build.0 = Debug|Any CPU
		{25275321-63EC-4EE1-A3BB-8A40CA4F09FD}.Release|Any CPU.ActiveCfg = Release|Any CPU
		{25275321-63EC-4EE1-A3BB-8A40CA4F09FD}.Release|Any CPU.Build.0 = Release|Any CPU
		{C6FB18E1-BCCD-4389-A565-480C3E2B60E4}.Debug|Any CPU.ActiveCfg = Debug|Any CPU
		{C6FB18E1-BCCD-4389-A565-480C3E2B60E4}.Debug|Any CPU.Build.0 = Debug|Any CPU
		{C6FB18E1-BCCD-4389-A565-480C3E2B60E4}.Release|Any CPU.ActiveCfg = Release|Any CPU
		{C6FB18E1-BCCD-4389-A565-480C3E2B60E4}.Release|Any CPU.Build.0 = Release|Any CPU
		{DCA6A102-33E7-45AD-9C2A-9D8314077DB8}.Debug|Any CPU.ActiveCfg = Debug|Any CPU
		{DCA6A102-33E7-45AD-9C2A-9D8314077DB8}.Debug|Any CPU.Build.0 = Debug|Any CPU
		{DCA6A102-33E7-45AD-9C2A-9D8314077DB8}.Release|Any CPU.ActiveCfg = Release|Any CPU
		{DCA6A102-33E7-45AD-9C2A-9D8314077DB8}.Release|Any CPU.Build.0 = Release|Any CPU
		{476EC2D0-50A9-4804-ADC0-9ADB2E86FED5}.Debug|Any CPU.ActiveCfg = Debug|Any CPU
		{476EC2D0-50A9-4804-ADC0-9ADB2E86FED5}.Debug|Any CPU.Build.0 = Debug|Any CPU
		{476EC2D0-50A9-4804-ADC0-9ADB2E86FED5}.Release|Any CPU.ActiveCfg = Release|Any CPU
		{476EC2D0-50A9-4804-ADC0-9ADB2E86FED5}.Release|Any CPU.Build.0 = Release|Any CPU
		{592C72EB-7629-4F83-86A6-FF9EB05C3049}.Debug|Any CPU.ActiveCfg = Debug|Any CPU
		{592C72EB-7629-4F83-86A6-FF9EB05C3049}.Debug|Any CPU.Build.0 = Debug|Any CPU
		{592C72EB-7629-4F83-86A6-FF9EB05C3049}.Release|Any CPU.ActiveCfg = Release|Any CPU
		{592C72EB-7629-4F83-86A6-FF9EB05C3049}.Release|Any CPU.Build.0 = Release|Any CPU
		{D699079B-AB1D-430B-9444-D6DCCB0140FD}.Debug|Any CPU.ActiveCfg = Debug|Any CPU
		{D699079B-AB1D-430B-9444-D6DCCB0140FD}.Debug|Any CPU.Build.0 = Debug|Any CPU
		{D699079B-AB1D-430B-9444-D6DCCB0140FD}.Release|Any CPU.ActiveCfg = Release|Any CPU
		{D699079B-AB1D-430B-9444-D6DCCB0140FD}.Release|Any CPU.Build.0 = Release|Any CPU
		{E2C8D473-A162-4798-B5D4-67E22F9E57C9}.Debug|Any CPU.ActiveCfg = Debug|Any CPU
		{E2C8D473-A162-4798-B5D4-67E22F9E57C9}.Debug|Any CPU.Build.0 = Debug|Any CPU
		{E2C8D473-A162-4798-B5D4-67E22F9E57C9}.Release|Any CPU.ActiveCfg = Release|Any CPU
		{E2C8D473-A162-4798-B5D4-67E22F9E57C9}.Release|Any CPU.Build.0 = Release|Any CPU
		{E35B4275-0FDC-4A34-8328-DF2F9EE67460}.Debug|Any CPU.ActiveCfg = Debug|Any CPU
		{E35B4275-0FDC-4A34-8328-DF2F9EE67460}.Debug|Any CPU.Build.0 = Debug|Any CPU
		{E35B4275-0FDC-4A34-8328-DF2F9EE67460}.Release|Any CPU.ActiveCfg = Release|Any CPU
		{E35B4275-0FDC-4A34-8328-DF2F9EE67460}.Release|Any CPU.Build.0 = Release|Any CPU
		{CEBA31F9-574C-4510-9623-172B4A629DA6}.Debug|Any CPU.ActiveCfg = Debug|Any CPU
		{CEBA31F9-574C-4510-9623-172B4A629DA6}.Debug|Any CPU.Build.0 = Debug|Any CPU
		{CEBA31F9-574C-4510-9623-172B4A629DA6}.Release|Any CPU.ActiveCfg = Release|Any CPU
		{CEBA31F9-574C-4510-9623-172B4A629DA6}.Release|Any CPU.Build.0 = Release|Any CPU
		{C465CAB5-2E6B-4A69-B77A-3E2C7605FFBE}.Debug|Any CPU.ActiveCfg = Debug|Any CPU
		{C465CAB5-2E6B-4A69-B77A-3E2C7605FFBE}.Debug|Any CPU.Build.0 = Debug|Any CPU
		{C465CAB5-2E6B-4A69-B77A-3E2C7605FFBE}.Release|Any CPU.ActiveCfg = Release|Any CPU
		{C465CAB5-2E6B-4A69-B77A-3E2C7605FFBE}.Release|Any CPU.Build.0 = Release|Any CPU
		{D2218DE3-D83C-404C-B34E-0A147EBEE4BF}.Debug|Any CPU.ActiveCfg = Debug|Any CPU
		{D2218DE3-D83C-404C-B34E-0A147EBEE4BF}.Debug|Any CPU.Build.0 = Debug|Any CPU
		{D2218DE3-D83C-404C-B34E-0A147EBEE4BF}.Release|Any CPU.ActiveCfg = Release|Any CPU
		{D2218DE3-D83C-404C-B34E-0A147EBEE4BF}.Release|Any CPU.Build.0 = Release|Any CPU
		{23DE727C-0B02-47B8-A271-473818F20EBC}.Debug|Any CPU.ActiveCfg = Debug|Any CPU
		{23DE727C-0B02-47B8-A271-473818F20EBC}.Debug|Any CPU.Build.0 = Debug|Any CPU
		{23DE727C-0B02-47B8-A271-473818F20EBC}.Release|Any CPU.ActiveCfg = Release|Any CPU
		{23DE727C-0B02-47B8-A271-473818F20EBC}.Release|Any CPU.Build.0 = Release|Any CPU
		{99343E8F-98A3-49E5-A994-FB429A7401C1}.Debug|Any CPU.ActiveCfg = Debug|Any CPU
		{99343E8F-98A3-49E5-A994-FB429A7401C1}.Debug|Any CPU.Build.0 = Debug|Any CPU
		{99343E8F-98A3-49E5-A994-FB429A7401C1}.Release|Any CPU.ActiveCfg = Release|Any CPU
		{99343E8F-98A3-49E5-A994-FB429A7401C1}.Release|Any CPU.Build.0 = Release|Any CPU
		{CC79F70F-7E78-4198-9169-D53BA743AAC1}.Debug|Any CPU.ActiveCfg = Debug|Any CPU
		{CC79F70F-7E78-4198-9169-D53BA743AAC1}.Debug|Any CPU.Build.0 = Debug|Any CPU
		{CC79F70F-7E78-4198-9169-D53BA743AAC1}.Release|Any CPU.ActiveCfg = Release|Any CPU
		{CC79F70F-7E78-4198-9169-D53BA743AAC1}.Release|Any CPU.Build.0 = Release|Any CPU
		{785D00F2-5AC5-4FF6-9C0D-4E01669C2B6C}.Debug|Any CPU.ActiveCfg = Debug|Any CPU
		{785D00F2-5AC5-4FF6-9C0D-4E01669C2B6C}.Debug|Any CPU.Build.0 = Debug|Any CPU
		{785D00F2-5AC5-4FF6-9C0D-4E01669C2B6C}.Release|Any CPU.ActiveCfg = Release|Any CPU
		{785D00F2-5AC5-4FF6-9C0D-4E01669C2B6C}.Release|Any CPU.Build.0 = Release|Any CPU
		{D0359994-F654-4F19-BF37-67E530A5654C}.Debug|Any CPU.ActiveCfg = Debug|Any CPU
		{D0359994-F654-4F19-BF37-67E530A5654C}.Debug|Any CPU.Build.0 = Debug|Any CPU
		{D0359994-F654-4F19-BF37-67E530A5654C}.Release|Any CPU.ActiveCfg = Release|Any CPU
		{D0359994-F654-4F19-BF37-67E530A5654C}.Release|Any CPU.Build.0 = Release|Any CPU
		{D3935BE6-ACE6-4E6B-8AA6-4D358959565E}.Debug|Any CPU.ActiveCfg = Debug|Any CPU
		{D3935BE6-ACE6-4E6B-8AA6-4D358959565E}.Debug|Any CPU.Build.0 = Debug|Any CPU
		{D3935BE6-ACE6-4E6B-8AA6-4D358959565E}.Release|Any CPU.ActiveCfg = Release|Any CPU
		{D3935BE6-ACE6-4E6B-8AA6-4D358959565E}.Release|Any CPU.Build.0 = Release|Any CPU
		{D54FD198-284D-421D-8E1E-398A18BEFD28}.Debug|Any CPU.ActiveCfg = Debug|Any CPU
		{D54FD198-284D-421D-8E1E-398A18BEFD28}.Debug|Any CPU.Build.0 = Debug|Any CPU
		{D54FD198-284D-421D-8E1E-398A18BEFD28}.Release|Any CPU.ActiveCfg = Release|Any CPU
		{D54FD198-284D-421D-8E1E-398A18BEFD28}.Release|Any CPU.Build.0 = Release|Any CPU
		{AF35F4EE-F7E1-472F-A89B-DA77404032F2}.Debug|Any CPU.ActiveCfg = Debug|Any CPU
		{AF35F4EE-F7E1-472F-A89B-DA77404032F2}.Debug|Any CPU.Build.0 = Debug|Any CPU
		{AF35F4EE-F7E1-472F-A89B-DA77404032F2}.Release|Any CPU.ActiveCfg = Release|Any CPU
		{AF35F4EE-F7E1-472F-A89B-DA77404032F2}.Release|Any CPU.Build.0 = Release|Any CPU
		{3F19A063-C329-4DB4-9E6E-107C61FE76BF}.Debug|Any CPU.ActiveCfg = Debug|Any CPU
		{3F19A063-C329-4DB4-9E6E-107C61FE76BF}.Debug|Any CPU.Build.0 = Debug|Any CPU
		{3F19A063-C329-4DB4-9E6E-107C61FE76BF}.Release|Any CPU.ActiveCfg = Release|Any CPU
		{3F19A063-C329-4DB4-9E6E-107C61FE76BF}.Release|Any CPU.Build.0 = Release|Any CPU
		{69B598E8-56BB-48CB-98DA-8032D204C0C7}.Debug|Any CPU.ActiveCfg = Debug|Any CPU
		{69B598E8-56BB-48CB-98DA-8032D204C0C7}.Debug|Any CPU.Build.0 = Debug|Any CPU
		{69B598E8-56BB-48CB-98DA-8032D204C0C7}.Release|Any CPU.ActiveCfg = Release|Any CPU
		{69B598E8-56BB-48CB-98DA-8032D204C0C7}.Release|Any CPU.Build.0 = Release|Any CPU
		{55E4B101-DEF8-48B6-A74A-1E3D037E09D0}.Debug|Any CPU.ActiveCfg = Debug|Any CPU
		{55E4B101-DEF8-48B6-A74A-1E3D037E09D0}.Debug|Any CPU.Build.0 = Debug|Any CPU
		{55E4B101-DEF8-48B6-A74A-1E3D037E09D0}.Release|Any CPU.ActiveCfg = Release|Any CPU
		{55E4B101-DEF8-48B6-A74A-1E3D037E09D0}.Release|Any CPU.Build.0 = Release|Any CPU
		{CF834D4C-F7A0-4445-B960-B3C9BB140F1C}.Debug|Any CPU.ActiveCfg = Debug|Any CPU
		{CF834D4C-F7A0-4445-B960-B3C9BB140F1C}.Debug|Any CPU.Build.0 = Debug|Any CPU
		{CF834D4C-F7A0-4445-B960-B3C9BB140F1C}.Release|Any CPU.ActiveCfg = Release|Any CPU
		{CF834D4C-F7A0-4445-B960-B3C9BB140F1C}.Release|Any CPU.Build.0 = Release|Any CPU
		{C8CF21DF-D024-444C-B365-A6CA371207E3}.Debug|Any CPU.ActiveCfg = Debug|Any CPU
		{C8CF21DF-D024-444C-B365-A6CA371207E3}.Debug|Any CPU.Build.0 = Debug|Any CPU
		{C8CF21DF-D024-444C-B365-A6CA371207E3}.Release|Any CPU.ActiveCfg = Release|Any CPU
		{C8CF21DF-D024-444C-B365-A6CA371207E3}.Release|Any CPU.Build.0 = Release|Any CPU
		{9813A3D0-11AB-4C92-8413-F539E248AB10}.Debug|Any CPU.ActiveCfg = Debug|Any CPU
		{9813A3D0-11AB-4C92-8413-F539E248AB10}.Debug|Any CPU.Build.0 = Debug|Any CPU
		{9813A3D0-11AB-4C92-8413-F539E248AB10}.Release|Any CPU.ActiveCfg = Release|Any CPU
		{9813A3D0-11AB-4C92-8413-F539E248AB10}.Release|Any CPU.Build.0 = Release|Any CPU
		{8414D1F0-4779-485D-916C-740D9626700B}.Debug|Any CPU.ActiveCfg = Debug|Any CPU
		{8414D1F0-4779-485D-916C-740D9626700B}.Debug|Any CPU.Build.0 = Debug|Any CPU
		{8414D1F0-4779-485D-916C-740D9626700B}.Release|Any CPU.ActiveCfg = Release|Any CPU
		{8414D1F0-4779-485D-916C-740D9626700B}.Release|Any CPU.Build.0 = Release|Any CPU
		{429C233D-54DC-4D87-BE7B-F5379FA6E2B1}.Debug|Any CPU.ActiveCfg = Debug|Any CPU
		{429C233D-54DC-4D87-BE7B-F5379FA6E2B1}.Debug|Any CPU.Build.0 = Debug|Any CPU
		{429C233D-54DC-4D87-BE7B-F5379FA6E2B1}.Release|Any CPU.ActiveCfg = Release|Any CPU
		{429C233D-54DC-4D87-BE7B-F5379FA6E2B1}.Release|Any CPU.Build.0 = Release|Any CPU
		{7453DBA1-A6FA-472D-AFF6-2AD1B9D7C96C}.Debug|Any CPU.ActiveCfg = Debug|Any CPU
		{7453DBA1-A6FA-472D-AFF6-2AD1B9D7C96C}.Debug|Any CPU.Build.0 = Debug|Any CPU
		{7453DBA1-A6FA-472D-AFF6-2AD1B9D7C96C}.Release|Any CPU.ActiveCfg = Release|Any CPU
		{7453DBA1-A6FA-472D-AFF6-2AD1B9D7C96C}.Release|Any CPU.Build.0 = Release|Any CPU
		{021A9336-2653-42EB-B895-F6882E294838}.Debug|Any CPU.ActiveCfg = Debug|Any CPU
		{021A9336-2653-42EB-B895-F6882E294838}.Debug|Any CPU.Build.0 = Debug|Any CPU
		{021A9336-2653-42EB-B895-F6882E294838}.Release|Any CPU.ActiveCfg = Release|Any CPU
		{021A9336-2653-42EB-B895-F6882E294838}.Release|Any CPU.Build.0 = Release|Any CPU
		{48868422-BC99-4F85-8975-BBB86177A84D}.Debug|Any CPU.ActiveCfg = Debug|Any CPU
		{48868422-BC99-4F85-8975-BBB86177A84D}.Debug|Any CPU.Build.0 = Debug|Any CPU
		{48868422-BC99-4F85-8975-BBB86177A84D}.Release|Any CPU.ActiveCfg = Release|Any CPU
		{48868422-BC99-4F85-8975-BBB86177A84D}.Release|Any CPU.Build.0 = Release|Any CPU
		{B93C6AA3-1D2F-4A2C-AE13-75074CC90362}.Debug|Any CPU.ActiveCfg = Debug|Any CPU
		{B93C6AA3-1D2F-4A2C-AE13-75074CC90362}.Debug|Any CPU.Build.0 = Debug|Any CPU
		{B93C6AA3-1D2F-4A2C-AE13-75074CC90362}.Release|Any CPU.ActiveCfg = Release|Any CPU
		{B93C6AA3-1D2F-4A2C-AE13-75074CC90362}.Release|Any CPU.Build.0 = Release|Any CPU
		{11E22E5F-66AB-47F5-9916-1048FA6EE6B5}.Debug|Any CPU.ActiveCfg = Debug|Any CPU
		{11E22E5F-66AB-47F5-9916-1048FA6EE6B5}.Debug|Any CPU.Build.0 = Debug|Any CPU
		{11E22E5F-66AB-47F5-9916-1048FA6EE6B5}.Release|Any CPU.ActiveCfg = Release|Any CPU
		{11E22E5F-66AB-47F5-9916-1048FA6EE6B5}.Release|Any CPU.Build.0 = Release|Any CPU
		{5E20D56A-A6C0-4261-A0A2-1C37BF8D5923}.Debug|Any CPU.ActiveCfg = Debug|Any CPU
		{5E20D56A-A6C0-4261-A0A2-1C37BF8D5923}.Debug|Any CPU.Build.0 = Debug|Any CPU
		{5E20D56A-A6C0-4261-A0A2-1C37BF8D5923}.Release|Any CPU.ActiveCfg = Release|Any CPU
		{5E20D56A-A6C0-4261-A0A2-1C37BF8D5923}.Release|Any CPU.Build.0 = Release|Any CPU
		{BC86074F-F8C3-4F7B-B8F5-1A1241BCD9D5}.Debug|Any CPU.ActiveCfg = Debug|Any CPU
		{BC86074F-F8C3-4F7B-B8F5-1A1241BCD9D5}.Debug|Any CPU.Build.0 = Debug|Any CPU
		{BC86074F-F8C3-4F7B-B8F5-1A1241BCD9D5}.Release|Any CPU.ActiveCfg = Release|Any CPU
		{BC86074F-F8C3-4F7B-B8F5-1A1241BCD9D5}.Release|Any CPU.Build.0 = Release|Any CPU
		{BD90111E-2979-4493-8397-9FB6FD895B4C}.Debug|Any CPU.ActiveCfg = Debug|Any CPU
		{BD90111E-2979-4493-8397-9FB6FD895B4C}.Debug|Any CPU.Build.0 = Debug|Any CPU
		{BD90111E-2979-4493-8397-9FB6FD895B4C}.Release|Any CPU.ActiveCfg = Release|Any CPU
		{BD90111E-2979-4493-8397-9FB6FD895B4C}.Release|Any CPU.Build.0 = Release|Any CPU
	EndGlobalSection
	GlobalSection(NestedProjects) = preSolution
		{08594E40-7628-4DEF-B48B-A5F7305FEA22} = {3B3A88A9-9354-470A-A0C5-9CF4E0EB69F5}
		{C1272D57-7644-4B7D-87D7-260C113707C6} = {3B3A88A9-9354-470A-A0C5-9CF4E0EB69F5}
		{EA7F8DB9-4DB9-4B89-B338-3712EBE0385C} = {3B3A88A9-9354-470A-A0C5-9CF4E0EB69F5}
		{4654B377-865B-46D6-8466-FE764D6622B7} = {3B3A88A9-9354-470A-A0C5-9CF4E0EB69F5}
		{504C53E5-538E-4814-AE36-7F6AAF4D382C} = {3B3A88A9-9354-470A-A0C5-9CF4E0EB69F5}
		{A6AADF39-623F-4EF8-A4C7-7FAA4F4A5D2C} = {3B3A88A9-9354-470A-A0C5-9CF4E0EB69F5}
		{BF95655A-1F50-47AF-96BE-0E413C41707E} = {3B3A88A9-9354-470A-A0C5-9CF4E0EB69F5}
		{2E5A5A30-57AC-4A99-A7F2-0A6E67ACD715} = {3B3A88A9-9354-470A-A0C5-9CF4E0EB69F5}
		{355D626B-6518-4E88-B3AB-EC76D26B8783} = {3B3A88A9-9354-470A-A0C5-9CF4E0EB69F5}
		{DAA5A0C1-4FE2-47DE-B301-4E2D94BA290B} = {3B3A88A9-9354-470A-A0C5-9CF4E0EB69F5}
		{6ED6E3CC-02FE-4E65-8F2B-42C498905B6B} = {3B3A88A9-9354-470A-A0C5-9CF4E0EB69F5}
		{E38DF305-71E6-4FB6-8867-A2BBDE22ECF7} = {3B3A88A9-9354-470A-A0C5-9CF4E0EB69F5}
		{B7F5D8C2-4A91-4C62-A28C-2F7E9C5B1D43} = {3B3A88A9-9354-470A-A0C5-9CF4E0EB69F5}
		{64690B6C-9A5E-4FB7-ABFD-8EC2C111B33D} = {3B3A88A9-9354-470A-A0C5-9CF4E0EB69F5}
		{C6A89E7C-AED2-43C7-BDBB-D746014EA689} = {3B3A88A9-9354-470A-A0C5-9CF4E0EB69F5}
		{185F2EB7-E851-4DE7-AA2F-24BD8751CCCD} = {3B3A88A9-9354-470A-A0C5-9CF4E0EB69F5}
		{25275321-63EC-4EE1-A3BB-8A40CA4F09FD} = {3B3A88A9-9354-470A-A0C5-9CF4E0EB69F5}
		{C6FB18E1-BCCD-4389-A565-480C3E2B60E4} = {3B3A88A9-9354-470A-A0C5-9CF4E0EB69F5}
		{DCA6A102-33E7-45AD-9C2A-9D8314077DB8} = {3B3A88A9-9354-470A-A0C5-9CF4E0EB69F5}
		{476EC2D0-50A9-4804-ADC0-9ADB2E86FED5} = {3B3A88A9-9354-470A-A0C5-9CF4E0EB69F5}
		{592C72EB-7629-4F83-86A6-FF9EB05C3049} = {3B3A88A9-9354-470A-A0C5-9CF4E0EB69F5}
		{D699079B-AB1D-430B-9444-D6DCCB0140FD} = {3B3A88A9-9354-470A-A0C5-9CF4E0EB69F5}
		{E2C8D473-A162-4798-B5D4-67E22F9E57C9} = {3B3A88A9-9354-470A-A0C5-9CF4E0EB69F5}
		{E35B4275-0FDC-4A34-8328-DF2F9EE67460} = {3B3A88A9-9354-470A-A0C5-9CF4E0EB69F5}
		{CEBA31F9-574C-4510-9623-172B4A629DA6} = {3B3A88A9-9354-470A-A0C5-9CF4E0EB69F5}
		{C465CAB5-2E6B-4A69-B77A-3E2C7605FFBE} = {3B3A88A9-9354-470A-A0C5-9CF4E0EB69F5}
		{D2218DE3-D83C-404C-B34E-0A147EBEE4BF} = {3B3A88A9-9354-470A-A0C5-9CF4E0EB69F5}
		{15A8C72F-D9AF-4074-A57C-6AD62C5D7AD7} = {3B3A88A9-9354-470A-A0C5-9CF4E0EB69F5}
		{23DE727C-0B02-47B8-A271-473818F20EBC} = {15A8C72F-D9AF-4074-A57C-6AD62C5D7AD7}
		{99343E8F-98A3-49E5-A994-FB429A7401C1} = {15A8C72F-D9AF-4074-A57C-6AD62C5D7AD7}
		{CC79F70F-7E78-4198-9169-D53BA743AAC1} = {15A8C72F-D9AF-4074-A57C-6AD62C5D7AD7}
		{785D00F2-5AC5-4FF6-9C0D-4E01669C2B6C} = {15A8C72F-D9AF-4074-A57C-6AD62C5D7AD7}
		{0137BE33-7ED7-4E11-A6C3-586B7B8663C2} = {3B3A88A9-9354-470A-A0C5-9CF4E0EB69F5}
		{D0359994-F654-4F19-BF37-67E530A5654C} = {0137BE33-7ED7-4E11-A6C3-586B7B8663C2}
		{D3935BE6-ACE6-4E6B-8AA6-4D358959565E} = {0137BE33-7ED7-4E11-A6C3-586B7B8663C2}
		{D54FD198-284D-421D-8E1E-398A18BEFD28} = {0137BE33-7ED7-4E11-A6C3-586B7B8663C2}
		{AF35F4EE-F7E1-472F-A89B-DA77404032F2} = {0137BE33-7ED7-4E11-A6C3-586B7B8663C2}
		{3F19A063-C329-4DB4-9E6E-107C61FE76BF} = {0137BE33-7ED7-4E11-A6C3-586B7B8663C2}
		{69B598E8-56BB-48CB-98DA-8032D204C0C7} = {0137BE33-7ED7-4E11-A6C3-586B7B8663C2}
		{55E4B101-DEF8-48B6-A74A-1E3D037E09D0} = {0137BE33-7ED7-4E11-A6C3-586B7B8663C2}
		{CF834D4C-F7A0-4445-B960-B3C9BB140F1C} = {0137BE33-7ED7-4E11-A6C3-586B7B8663C2}
		{C8CF21DF-D024-444C-B365-A6CA371207E3} = {0137BE33-7ED7-4E11-A6C3-586B7B8663C2}
		{9813A3D0-11AB-4C92-8413-F539E248AB10} = {0137BE33-7ED7-4E11-A6C3-586B7B8663C2}
		{8414D1F0-4779-485D-916C-740D9626700B} = {0137BE33-7ED7-4E11-A6C3-586B7B8663C2}
		{429C233D-54DC-4D87-BE7B-F5379FA6E2B1} = {3B3A88A9-9354-470A-A0C5-9CF4E0EB69F5}
		{7453DBA1-A6FA-472D-AFF6-2AD1B9D7C96C} = {3B3A88A9-9354-470A-A0C5-9CF4E0EB69F5}
		{021A9336-2653-42EB-B895-F6882E294838} = {3B3A88A9-9354-470A-A0C5-9CF4E0EB69F5}
		{48868422-BC99-4F85-8975-BBB86177A84D} = {3B3A88A9-9354-470A-A0C5-9CF4E0EB69F5}
		{B93C6AA3-1D2F-4A2C-AE13-75074CC90362} = {3B3A88A9-9354-470A-A0C5-9CF4E0EB69F5}
		{11E22E5F-66AB-47F5-9916-1048FA6EE6B5} = {3B3A88A9-9354-470A-A0C5-9CF4E0EB69F5}
		{5E20D56A-A6C0-4261-A0A2-1C37BF8D5923} = {3B3A88A9-9354-470A-A0C5-9CF4E0EB69F5}
		{BC86074F-F8C3-4F7B-B8F5-1A1241BCD9D5} = {3B3A88A9-9354-470A-A0C5-9CF4E0EB69F5}
		{BD90111E-2979-4493-8397-9FB6FD895B4C} = {3B3A88A9-9354-470A-A0C5-9CF4E0EB69F5}
	EndGlobalSection
EndGlobal
